# This file is automatically @generated by Poetry 1.8.3 and should not be changed by hand.

[[package]]
name = "toml-sort"
version = "0.23.1"
description = "Toml sorting library"
optional = false
python-versions = ">=3.7,<4.0"
files = [
    {file = "toml_sort-0.23.1-py3-none-any.whl", hash = "sha256:69ae60de9c4d67478533697eb4119092e2b30ddffe5ca09bbad3912905c935a0"},
    {file = "toml_sort-0.23.1.tar.gz", hash = "sha256:833728c48b0f8d509aecd9ae8347768ca3a9332977b32c9fd2002932f0eb9c90"},
]

[package.dependencies]
tomlkit = ">=0.11.2"

[[package]]
name = "tomlkit"
version = "0.12.5"
description = "Style preserving TOML library"
optional = false
python-versions = ">=3.7"
files = [
    {file = "tomlkit-0.12.5-py3-none-any.whl", hash = "sha256:af914f5a9c59ed9d0762c7b64d3b5d5df007448eb9cd2edc8a46b1eafead172f"},
    {file = "tomlkit-0.12.5.tar.gz", hash = "sha256:eef34fba39834d4d6b73c9ba7f3e4d1c417a4e56f89a7e96e090dd0d24b8fb3c"},
]

[metadata]
lock-version = "2.0"
python-versions = "^3.12"
content-hash = "17692494607a7b43bf0414e9a48114c51a5adc7164839cc15359081cf1a64ffc"
